// !$*UTF8*$!
{
	archiveVersion = 1;
	classes = {
	};
	objectVersion = 46;
	objects = {

/* Begin PBXBuildFile section */
		5CCEA25622C3DCFC007FA5ED /* AppDelegate.swift in Sources */ = {isa = PBXBuildFile; fileRef = 5CCEA25522C3DCFC007FA5ED /* AppDelegate.swift */; };
		5CCEA25822C3DCFC007FA5ED /* SourcesViewController.swift in Sources */ = {isa = PBXBuildFile; fileRef = 5CCEA25722C3DCFC007FA5ED /* SourcesViewController.swift */; };
		5CCEA25B22C3DCFC007FA5ED /* Main.storyboard in Resources */ = {isa = PBXBuildFile; fileRef = 5CCEA25922C3DCFC007FA5ED /* Main.storyboard */; };
		5CCEA25D22C3DCFC007FA5ED /* Assets.xcassets in Resources */ = {isa = PBXBuildFile; fileRef = 5CCEA25C22C3DCFC007FA5ED /* Assets.xcassets */; };
		5CCEA26022C3DCFC007FA5ED /* LaunchScreen.storyboard in Resources */ = {isa = PBXBuildFile; fileRef = 5CCEA25E22C3DCFC007FA5ED /* LaunchScreen.storyboard */; };
/* End PBXBuildFile section */

/* Begin PBXFileReference section */
		5CCEA25222C3DCFC007FA5ED /* ApiChallenge.app */ = {isa = PBXFileReference; explicitFileType = wrapper.application; includeInIndex = 0; path = ApiChallenge.app; sourceTree = BUILT_PRODUCTS_DIR; };
		5CCEA25522C3DCFC007FA5ED /* AppDelegate.swift */ = {isa = PBXFileReference; lastKnownFileType = sourcecode.swift; path = AppDelegate.swift; sourceTree = "<group>"; };
		5CCEA25722C3DCFC007FA5ED /* SourcesViewController.swift */ = {isa = PBXFileReference; lastKnownFileType = sourcecode.swift; path = SourcesViewController.swift; sourceTree = "<group>"; };
		5CCEA25A22C3DCFC007FA5ED /* Base */ = {isa = PBXFileReference; lastKnownFileType = file.storyboard; name = Base; path = Base.lproj/Main.storyboard; sourceTree = "<group>"; };
		5CCEA25C22C3DCFC007FA5ED /* Assets.xcassets */ = {isa = PBXFileReference; lastKnownFileType = folder.assetcatalog; path = Assets.xcassets; sourceTree = "<group>"; };
		5CCEA25F22C3DCFC007FA5ED /* Base */ = {isa = PBXFileReference; lastKnownFileType = file.storyboard; name = Base; path = Base.lproj/LaunchScreen.storyboard; sourceTree = "<group>"; };
		5CCEA26122C3DCFC007FA5ED /* Info.plist */ = {isa = PBXFileReference; lastKnownFileType = text.plist.xml; path = Info.plist; sourceTree = "<group>"; };
/* End PBXFileReference section */

/* Begin PBXFrameworksBuildPhase section */
		5CCEA24F22C3DCFC007FA5ED /* Frameworks */ = {
			isa = PBXFrameworksBuildPhase;
			buildActionMask = 2147483647;
			files = (
			);
			runOnlyForDeploymentPostprocessing = 0;
		};
/* End PBXFrameworksBuildPhase section */

/* Begin PBXGroup section */
		5CCEA24922C3DCFC007FA5ED = {
			isa = PBXGroup;
			children = (
				5CCEA25422C3DCFC007FA5ED /* ApiChallenge */,
				5CCEA25322C3DCFC007FA5ED /* Products */,
			);
			sourceTree = "<group>";
		};
		5CCEA25322C3DCFC007FA5ED /* Products */ = {
			isa = PBXGroup;
			children = (
				5CCEA25222C3DCFC007FA5ED /* ApiChallenge.app */,
			);
			name = Products;
			sourceTree = "<group>";
		};
		5CCEA25422C3DCFC007FA5ED /* ApiChallenge */ = {
			isa = PBXGroup;
			children = (
				5CCEA25522C3DCFC007FA5ED /* AppDelegate.swift */,
				5CCEA25722C3DCFC007FA5ED /* SourcesViewController.swift */,
				5CCEA25922C3DCFC007FA5ED /* Main.storyboard */,
				5CCEA25C22C3DCFC007FA5ED /* Assets.xcassets */,
				5CCEA25E22C3DCFC007FA5ED /* LaunchScreen.storyboard */,
				5CCEA26122C3DCFC007FA5ED /* Info.plist */,
			);
			path = ApiChallenge;
			sourceTree = "<group>";
		};
/* End PBXGroup section */

/* Begin PBXNativeTarget section */
		5CCEA25122C3DCFC007FA5ED /* ApiChallenge */ = {
			isa = PBXNativeTarget;
			buildConfigurationList = 5CCEA26422C3DCFC007FA5ED /* Build configuration list for PBXNativeTarget "ApiChallenge" */;
			buildPhases = (
				5CCEA24E22C3DCFC007FA5ED /* Sources */,
				5CCEA24F22C3DCFC007FA5ED /* Frameworks */,
				5CCEA25022C3DCFC007FA5ED /* Resources */,
			);
			buildRules = (
			);
			dependencies = (
			);
			name = ApiChallenge;
			productName = ApiChallenge;
			productReference = 5CCEA25222C3DCFC007FA5ED /* ApiChallenge.app */;
			productType = "com.apple.product-type.application";
		};
/* End PBXNativeTarget section */

/* Begin PBXProject section */
		5CCEA24A22C3DCFC007FA5ED /* Project object */ = {
			isa = PBXProject;
			attributes = {
				LastSwiftUpdateCheck = 0830;
				LastUpgradeCheck = 0830;
				ORGANIZATIONNAME = Personal;
				TargetAttributes = {
					5CCEA25122C3DCFC007FA5ED = {
						CreatedOnToolsVersion = 8.3.3;
						DevelopmentTeam = 6K853U8348;
						ProvisioningStyle = Automatic;
					};
				};
			};
			buildConfigurationList = 5CCEA24D22C3DCFC007FA5ED /* Build configuration list for PBXProject "ApiChallenge" */;
			compatibilityVersion = "Xcode 3.2";
			developmentRegion = English;
			hasScannedForEncodings = 0;
			knownRegions = (
				en,
				Base,
			);
			mainGroup = 5CCEA24922C3DCFC007FA5ED;
			productRefGroup = 5CCEA25322C3DCFC007FA5ED /* Products */;
			projectDirPath = "";
			projectRoot = "";
			targets = (
				5CCEA25122C3DCFC007FA5ED /* ApiChallenge */,
			);
		};
/* End PBXProject section */

/* Begin PBXResourcesBuildPhase section */
		5CCEA25022C3DCFC007FA5ED /* Resources */ = {
			isa = PBXResourcesBuildPhase;
			buildActionMask = 2147483647;
			files = (
				5CCEA26022C3DCFC007FA5ED /* LaunchScreen.storyboard in Resources */,
				5CCEA25D22C3DCFC007FA5ED /* Assets.xcassets in Resources */,
				5CCEA25B22C3DCFC007FA5ED /* Main.storyboard in Resources */,
			);
			runOnlyForDeploymentPostprocessing = 0;
		};
/* End PBXResourcesBuildPhase section */

/* Begin PBXSourcesBuildPhase section */
		5CCEA24E22C3DCFC007FA5ED /* Sources */ = {
			isa = PBXSourcesBuildPhase;
			buildActionMask = 2147483647;
			files = (
				5CCEA25822C3DCFC007FA5ED /* SourcesViewController.swift in Sources */,
				5CCEA25622C3DCFC007FA5ED /* AppDelegate.swift in Sources */,
			);
			runOnlyForDeploymentPostprocessing = 0;
		};
/* End PBXSourcesBuildPhase section */

/* Begin PBXVariantGroup section */
		5CCEA25922C3DCFC007FA5ED /* Main.storyboard */ = {
			isa = PBXVariantGroup;
			children = (
				5CCEA25A22C3DCFC007FA5ED /* Base */,
			);
			name = Main.storyboard;
			sourceTree = "<group>";
		};
		5CCEA25E22C3DCFC007FA5ED /* LaunchScreen.storyboard */ = {
			isa = PBXVariantGroup;
			children = (
				5CCEA25F22C3DCFC007FA5ED /* Base */,
			);
			name = LaunchScreen.storyboard;
			sourceTree = "<group>";
		};
/* End PBXVariantGroup section */

/* Begin XCBuildConfiguration section */
		5CCEA26222C3DCFC007FA5ED /* Debug */ = {
			isa = XCBuildConfiguration;
			buildSettings = {
				ALWAYS_SEARCH_USER_PATHS = NO;
				CLANG_ANALYZER_NONNULL = YES;
				CLANG_ANALYZER_NUMBER_OBJECT_CONVERSION = YES_AGGRESSIVE;
				CLANG_CXX_LANGUAGE_STANDARD = "gnu++0x";
				CLANG_CXX_LIBRARY = "libc++";
				CLANG_ENABLE_MODULES = YES;
				CLANG_ENABLE_OBJC_ARC = YES;
				CLANG_WARN_BOOL_CONVERSION = YES;
				CLANG_WARN_CONSTANT_CONVERSION = YES;
				CLANG_WARN_DIRECT_OBJC_ISA_USAGE = YES_ERROR;
				CLANG_WARN_DOCUMENTATION_COMMENTS = YES;
				CLANG_WARN_EMPTY_BODY = YES;
				CLANG_WARN_ENUM_CONVERSION = YES;
				CLANG_WARN_INFINITE_RECURSION = YES;
				CLANG_WARN_INT_CONVERSION = YES;
				CLANG_WARN_OBJC_ROOT_CLASS = YES_ERROR;
				CLANG_WARN_SUSPICIOUS_MOVE = YES;
				CLANG_WARN_UNREACHABLE_CODE = YES;
				CLANG_WARN__DUPLICATE_METHOD_MATCH = YES;
				"CODE_SIGN_IDENTITY[sdk=iphoneos*]" = "iPhone Developer";
				COPY_PHASE_STRIP = NO;
				DEBUG_INFORMATION_FORMAT = dwarf;
				ENABLE_STRICT_OBJC_MSGSEND = YES;
				ENABLE_TESTABILITY = YES;
				GCC_C_LANGUAGE_STANDARD = gnu99;
				GCC_DYNAMIC_NO_PIC = NO;
				GCC_NO_COMMON_BLOCKS = YES;
				GCC_OPTIMIZATION_LEVEL = 0;
				GCC_PREPROCESSOR_DEFINITIONS = (
					"DEBUG=1",
					"$(inherited)",
				);
				GCC_WARN_64_TO_32_BIT_CONVERSION = YES;
				GCC_WARN_ABOUT_RETURN_TYPE = YES_ERROR;
				GCC_WARN_UNDECLARED_SELECTOR = YES;
				GCC_WARN_UNINITIALIZED_AUTOS = YES_AGGRESSIVE;
				GCC_WARN_UNUSED_FUNCTION = YES;
				GCC_WARN_UNUSED_VARIABLE = YES;
				IPHONEOS_DEPLOYMENT_TARGET = 10.3;
				MTL_ENABLE_DEBUG_INFO = YES;
				ONLY_ACTIVE_ARCH = YES;
				SDKROOT = iphoneos;
				SWIFT_ACTIVE_COMPILATION_CONDITIONS = DEBUG;
				SWIFT_OPTIMIZATION_LEVEL = "-Onone";
				TARGETED_DEVICE_FAMILY = "1,2";
			};
			name = Debug;
		};
		5CCEA26322C3DCFC007FA5ED /* Release */ = {
			isa = XCBuildConfiguration;
			buildSettings = {
				ALWAYS_SEARCH_USER_PATHS = NO;
				CLANG_ANALYZER_NONNULL = YES;
				CLANG_ANALYZER_NUMBER_OBJECT_CONVERSION = YES_AGGRESSIVE;
				CLANG_CXX_LANGUAGE_STANDARD = "gnu++0x";
				CLANG_CXX_LIBRARY = "libc++";
				CLANG_ENABLE_MODULES = YES;
				CLANG_ENABLE_OBJC_ARC = YES;
				CLANG_WARN_BOOL_CONVERSION = YES;
				CLANG_WARN_CONSTANT_CONVERSION = YES;
				CLANG_WARN_DIRECT_OBJC_ISA_USAGE = YES_ERROR;
				CLANG_WARN_DOCUMENTATION_COMMENTS = YES;
				CLANG_WARN_EMPTY_BODY = YES;
				CLANG_WARN_ENUM_CONVERSION = YES;
				CLANG_WARN_INFINITE_RECURSION = YES;
				CLANG_WARN_INT_CONVERSION = YES;
				CLANG_WARN_OBJC_ROOT_CLASS = YES_ERROR;
				CLANG_WARN_SUSPICIOUS_MOVE = YES;
				CLANG_WARN_UNREACHABLE_CODE = YES;
				CLANG_WARN__DUPLICATE_METHOD_MATCH = YES;
				"CODE_SIGN_IDENTITY[sdk=iphoneos*]" = "iPhone Developer";
				COPY_PHASE_STRIP = NO;
				DEBUG_INFORMATION_FORMAT = "dwarf-with-dsym";
				ENABLE_NS_ASSERTIONS = NO;
				ENABLE_STRICT_OBJC_MSGSEND = YES;
				GCC_C_LANGUAGE_STANDARD = gnu99;
				GCC_NO_COMMON_BLOCKS = YES;
				GCC_WARN_64_TO_32_BIT_CONVERSION = YES;
				GCC_WARN_ABOUT_RETURN_TYPE = YES_ERROR;
				GCC_WARN_UNDECLARED_SELECTOR = YES;
				GCC_WARN_UNINITIALIZED_AUTOS = YES_AGGRESSIVE;
				GCC_WARN_UNUSED_FUNCTION = YES;
				GCC_WARN_UNUSED_VARIABLE = YES;
				IPHONEOS_DEPLOYMENT_TARGET = 10.3;
				MTL_ENABLE_DEBUG_INFO = NO;
				SDKROOT = iphoneos;
				SWIFT_OPTIMIZATION_LEVEL = "-Owholemodule";
				TARGETED_DEVICE_FAMILY = "1,2";
				VALIDATE_PRODUCT = YES;
			};
			name = Release;
		};
		5CCEA26522C3DCFC007FA5ED /* Debug */ = {
			isa = XCBuildConfiguration;
			buildSettings = {
				ASSETCATALOG_COMPILER_APPICON_NAME = AppIcon;
				DEVELOPMENT_TEAM = 6K853U8348;
				INFOPLIST_FILE = ApiChallenge/Info.plist;
				LD_RUNPATH_SEARCH_PATHS = "$(inherited) @executable_path/Frameworks";
				PRODUCT_BUNDLE_IDENTIFIER = com.deepspacenine.ApiChallenge;
				PRODUCT_NAME = "$(TARGET_NAME)";
				SWIFT_VERSION = 3.0;
			};
			name = Debug;
		};
		5CCEA26622C3DCFC007FA5ED /* Release */ = {
			isa = XCBuildConfiguration;
			buildSettings = {
				ASSETCATALOG_COMPILER_APPICON_NAME = AppIcon;
				DEVELOPMENT_TEAM = 6K853U8348;
				INFOPLIST_FILE = ApiChallenge/Info.plist;
				LD_RUNPATH_SEARCH_PATHS = "$(inherited) @executable_path/Frameworks";
				PRODUCT_BUNDLE_IDENTIFIER = com.deepspacenine.ApiChallenge;
				PRODUCT_NAME = "$(TARGET_NAME)";
				SWIFT_VERSION = 3.0;
			};
			name = Release;
		};
/* End XCBuildConfiguration section */

/* Begin XCConfigurationList section */
		5CCEA24D22C3DCFC007FA5ED /* Build configuration list for PBXProject "ApiChallenge" */ = {
			isa = XCConfigurationList;
			buildConfigurations = (
				5CCEA26222C3DCFC007FA5ED /* Debug */,
				5CCEA26322C3DCFC007FA5ED /* Release */,
			);
			defaultConfigurationIsVisible = 0;
			defaultConfigurationName = Release;
		};
		5CCEA26422C3DCFC007FA5ED /* Build configuration list for PBXNativeTarget "ApiChallenge" */ = {
			isa = XCConfigurationList;
			buildConfigurations = (
				5CCEA26522C3DCFC007FA5ED /* Debug */,
				5CCEA26622C3DCFC007FA5ED /* Release */,
			);
			defaultConfigurationIsVisible = 0;
			defaultConfigurationName = Release;
		};
/* End XCConfigurationList section */
	};
	rootObject = 5CCEA24A22C3DCFC007FA5ED /* Project object */;
}
